
Microsoft Visual Studio Solution File, Format Version 12.00
# Visual Studio Version 16
VisualStudioVersion = 25.0.1700.2
MinimumVisualStudioVersion = 10.0.40219.1
Project("{FAE04EC0-301F-11D3-BF4B-00C04F79EFBC}") = "ProjectAPI", "ProjectAPI\ProjectAPI.csproj", "{B956D7E8-484B-4801-964E-E3CE8EA45FAC}"
EndProject
Project("{FAE04EC0-301F-11D3-BF4B-00C04F79EFBC}") = "ProjectAPI.DataAccess", "ProjectAPI.DataAccess\ProjectAPI.DataAccess.csproj", "{7EA8431F-C24F-410C-A137-AAFF09D6F669}"
EndProject
Project("{FAE04EC0-301F-11D3-BF4B-00C04F79EFBC}") = "ProjectAPI.DataAccess.Primitives", "ProjectAPI.DataAccess.Primitives\ProjectAPI.DataAccess.Primitives.csproj", "{904AF8D1-7E32-4B86-9076-36AE7C2146FD}"
EndProject
Project("{FAE04EC0-301F-11D3-BF4B-00C04F79EFBC}") = "ProjectAPI.Primitives", "ProjectAPI.Primitives\ProjectAPI.Primitives.csproj", "{4BD8C3B2-B86F-433F-B9BF-AEC74F95CEFE}"
EndProject
Project("{FAE04EC0-301F-11D3-BF4B-00C04F79EFBC}") = "ProjectAPI.Mapping", "ProjectAPI.Mapping\ProjectAPI.Mapping.csproj", "{CEF41C15-CA87-4043-932C-A7289ABCF1B5}"
EndProject
Project("{FAE04EC0-301F-11D3-BF4B-00C04F79EFBC}") = "ProjectAPI.BusinessLogic", "ProjectAPI.BusinessLogic\ProjectAPI.BusinessLogic.csproj", "{FE74E604-651F-4995-800B-F0F48A7A77D7}"
EndProject
Project("{FAE04EC0-301F-11D3-BF4B-00C04F79EFBC}") = "ProjectAPI.DataAccess.Primitives.Abstractions", "ProjectAPI.Abstractions\ProjectAPI.DataAccess.Primitives.Abstractions.csproj", "{F1D5E3C9-C2EB-4F25-A91D-E497B8622DE1}"
EndProject
Project("{FAE04EC0-301F-11D3-BF4B-00C04F79EFBC}") = "ProjectAPI.ModelValidation", "ProjectAPI.ModelValidation\ProjectAPI.ModelValidation.csproj", "{6ECA8618-9409-4B2B-85CB-444149EE11DA}"
EndProject
Project("{FAE04EC0-301F-11D3-BF4B-00C04F79EFBC}") = "ProjectAPI.Middleware", "ProjectAPI.Middleware\ProjectAPI.Middleware.csproj", "{72FBA148-6891-408E-B032-912261A5FEF5}"
EndProject
Project("{FAE04EC0-301F-11D3-BF4B-00C04F79EFBC}") = "ProjectAPI.Tests", "ProjectAPI.Tests\ProjectAPI.Tests.csproj", "{CE3490B4-EE96-41D9-A5AD-49549781D468}"
EndProject
Global
	GlobalSection(SolutionConfigurationPlatforms) = preSolution
		Debug|Any CPU = Debug|Any CPU
		Release|Any CPU = Release|Any CPU
	EndGlobalSection
	GlobalSection(ProjectConfigurationPlatforms) = postSolution
		{B956D7E8-484B-4801-964E-E3CE8EA45FAC}.Debug|Any CPU.ActiveCfg = Debug|Any CPU
		{B956D7E8-484B-4801-964E-E3CE8EA45FAC}.Debug|Any CPU.Build.0 = Debug|Any CPU
		{B956D7E8-484B-4801-964E-E3CE8EA45FAC}.Release|Any CPU.ActiveCfg = Release|Any CPU
		{B956D7E8-484B-4801-964E-E3CE8EA45FAC}.Release|Any CPU.Build.0 = Release|Any CPU
		{7EA8431F-C24F-410C-A137-AAFF09D6F669}.Debug|Any CPU.ActiveCfg = Debug|Any CPU
		{7EA8431F-C24F-410C-A137-AAFF09D6F669}.Debug|Any CPU.Build.0 = Debug|Any CPU
		{7EA8431F-C24F-410C-A137-AAFF09D6F669}.Release|Any CPU.ActiveCfg = Release|Any CPU
		{7EA8431F-C24F-410C-A137-AAFF09D6F669}.Release|Any CPU.Build.0 = Release|Any CPU
		{904AF8D1-7E32-4B86-9076-36AE7C2146FD}.Debug|Any CPU.ActiveCfg = Debug|Any CPU
		{904AF8D1-7E32-4B86-9076-36AE7C2146FD}.Debug|Any CPU.Build.0 = Debug|Any CPU
		{904AF8D1-7E32-4B86-9076-36AE7C2146FD}.Release|Any CPU.ActiveCfg = Release|Any CPU
		{904AF8D1-7E32-4B86-9076-36AE7C2146FD}.Release|Any CPU.Build.0 = Release|Any CPU
		{4BD8C3B2-B86F-433F-B9BF-AEC74F95CEFE}.Debug|Any CPU.ActiveCfg = Debug|Any CPU
		{4BD8C3B2-B86F-433F-B9BF-AEC74F95CEFE}.Debug|Any CPU.Build.0 = Debug|Any CPU
		{4BD8C3B2-B86F-433F-B9BF-AEC74F95CEFE}.Release|Any CPU.ActiveCfg = Release|Any CPU
		{4BD8C3B2-B86F-433F-B9BF-AEC74F95CEFE}.Release|Any CPU.Build.0 = Release|Any CPU
		{CEF41C15-CA87-4043-932C-A7289ABCF1B5}.Debug|Any CPU.ActiveCfg = Debug|Any CPU
		{CEF41C15-CA87-4043-932C-A7289ABCF1B5}.Debug|Any CPU.Build.0 = Debug|Any CPU
		{CEF41C15-CA87-4043-932C-A7289ABCF1B5}.Release|Any CPU.ActiveCfg = Release|Any CPU
		{CEF41C15-CA87-4043-932C-A7289ABCF1B5}.Release|Any CPU.Build.0 = Release|Any CPU
		{FE74E604-651F-4995-800B-F0F48A7A77D7}.Debug|Any CPU.ActiveCfg = Debug|Any CPU
		{FE74E604-651F-4995-800B-F0F48A7A77D7}.Debug|Any CPU.Build.0 = Debug|Any CPU
		{FE74E604-651F-4995-800B-F0F48A7A77D7}.Release|Any CPU.ActiveCfg = Release|Any CPU
		{FE74E604-651F-4995-800B-F0F48A7A77D7}.Release|Any CPU.Build.0 = Release|Any CPU
		{F1D5E3C9-C2EB-4F25-A91D-E497B8622DE1}.Debug|Any CPU.ActiveCfg = Debug|Any CPU
		{F1D5E3C9-C2EB-4F25-A91D-E497B8622DE1}.Debug|Any CPU.Build.0 = Debug|Any CPU
		{F1D5E3C9-C2EB-4F25-A91D-E497B8622DE1}.Release|Any CPU.ActiveCfg = Release|Any CPU
		{F1D5E3C9-C2EB-4F25-A91D-E497B8622DE1}.Release|Any CPU.Build.0 = Release|Any CPU
		{6ECA8618-9409-4B2B-85CB-444149EE11DA}.Debug|Any CPU.ActiveCfg = Debug|Any CPU
		{6ECA8618-9409-4B2B-85CB-444149EE11DA}.Debug|Any CPU.Build.0 = Debug|Any CPU
		{6ECA8618-9409-4B2B-85CB-444149EE11DA}.Release|Any CPU.ActiveCfg = Release|Any CPU
		{6ECA8618-9409-4B2B-85CB-444149EE11DA}.Release|Any CPU.Build.0 = Release|Any CPU
		{72FBA148-6891-408E-B032-912261A5FEF5}.Debug|Any CPU.ActiveCfg = Debug|Any CPU
		{72FBA148-6891-408E-B032-912261A5FEF5}.Debug|Any CPU.Build.0 = Debug|Any CPU
		{72FBA148-6891-408E-B032-912261A5FEF5}.Release|Any CPU.ActiveCfg = Release|Any CPU
		{72FBA148-6891-408E-B032-912261A5FEF5}.Release|Any CPU.Build.0 = Release|Any CPU
		{CE3490B4-EE96-41D9-A5AD-49549781D468}.Debug|Any CPU.ActiveCfg = Debug|Any CPU
		{CE3490B4-EE96-41D9-A5AD-49549781D468}.Debug|Any CPU.Build.0 = Debug|Any CPU
		{CE3490B4-EE96-41D9-A5AD-49549781D468}.Release|Any CPU.ActiveCfg = Release|Any CPU
		{CE3490B4-EE96-41D9-A5AD-49549781D468}.Release|Any CPU.Build.0 = Release|Any CPU
	EndGlobalSection
	GlobalSection(SolutionProperties) = preSolution
		HideSolutionNode = FALSE
	EndGlobalSection
	GlobalSection(ExtensibilityGlobals) = postSolution
		SolutionGuid = {652005D2-9929-4A1B-8710-3B61AEC22E68}
	EndGlobalSection
EndGlobal
